
Microsoft Visual Studio Solution File, Format Version 12.00
# Visual Studio 15
VisualStudioVersion = 15.0.26430.14
MinimumVisualStudioVersion = 10.0.40219.1
Project("{FAE04EC0-301F-11D3-BF4B-00C04F79EFBC}") = "hololens-holograms-100-unity", "hololens-holograms-100-unity\hololens-holograms-100-unity.csproj", "{13A45C13-3265-47B8-BC48-A553B569DF55}"
EndProject
Project("{FAE04EC0-301F-11D3-BF4B-00C04F79EFBC}") = "Assembly-CSharp", "C:\w\github\efog\hololens-holograms-100\hololens-holograms-100-unity\App\GeneratedProjects\UWP\Assembly-CSharp\Assembly-CSharp.csproj", "{09B917AC-BE4D-431A-8A72-8D70650AAEB3}"
EndProject
Project("{FAE04EC0-301F-11D3-BF4B-00C04F79EFBC}") = "Assembly-CSharp-firstpass", "C:\w\github\efog\hololens-holograms-100\hololens-holograms-100-unity\App\GeneratedProjects\UWP\Assembly-CSharp-firstpass\Assembly-CSharp-firstpass.csproj", "{2C97D544-A467-4D97-9385-C3E6E4D2460F}"
EndProject
Global
	GlobalSection(SolutionConfigurationPlatforms) = preSolution
		Debug|ARM = Debug|ARM
		Debug|x64 = Debug|x64
		Debug|x86 = Debug|x86
		Master|ARM = Master|ARM
		Master|x64 = Master|x64
		Master|x86 = Master|x86
		Release|ARM = Release|ARM
		Release|x64 = Release|x64
		Release|x86 = Release|x86
	EndGlobalSection
	GlobalSection(ProjectConfigurationPlatforms) = postSolution
		{13A45C13-3265-47B8-BC48-A553B569DF55}.Debug|ARM.ActiveCfg = Debug|ARM
		{13A45C13-3265-47B8-BC48-A553B569DF55}.Debug|ARM.Build.0 = Debug|ARM
		{13A45C13-3265-47B8-BC48-A553B569DF55}.Debug|ARM.Deploy.0 = Debug|ARM
		{13A45C13-3265-47B8-BC48-A553B569DF55}.Debug|x64.ActiveCfg = Debug|x64
		{13A45C13-3265-47B8-BC48-A553B569DF55}.Debug|x64.Build.0 = Debug|x64
		{13A45C13-3265-47B8-BC48-A553B569DF55}.Debug|x64.Deploy.0 = Debug|x64
		{13A45C13-3265-47B8-BC48-A553B569DF55}.Debug|x86.ActiveCfg = Debug|x86
		{13A45C13-3265-47B8-BC48-A553B569DF55}.Debug|x86.Build.0 = Debug|x86
		{13A45C13-3265-47B8-BC48-A553B569DF55}.Debug|x86.Deploy.0 = Debug|x86
		{13A45C13-3265-47B8-BC48-A553B569DF55}.Master|ARM.ActiveCfg = Master|ARM
		{13A45C13-3265-47B8-BC48-A553B569DF55}.Master|ARM.Build.0 = Master|ARM
		{13A45C13-3265-47B8-BC48-A553B569DF55}.Master|ARM.Deploy.0 = Master|ARM
		{13A45C13-3265-47B8-BC48-A553B569DF55}.Master|x64.ActiveCfg = Master|x64
		{13A45C13-3265-47B8-BC48-A553B569DF55}.Master|x64.Build.0 = Master|x64
		{13A45C13-3265-47B8-BC48-A553B569DF55}.Master|x64.Deploy.0 = Master|x64
		{13A45C13-3265-47B8-BC48-A553B569DF55}.Master|x86.ActiveCfg = Master|x86
		{13A45C13-3265-47B8-BC48-A553B569DF55}.Master|x86.Build.0 = Master|x86
		{13A45C13-3265-47B8-BC48-A553B569DF55}.Master|x86.Deploy.0 = Master|x86
		{13A45C13-3265-47B8-BC48-A553B569DF55}.Release|ARM.ActiveCfg = Release|ARM
		{13A45C13-3265-47B8-BC48-A553B569DF55}.Release|ARM.Build.0 = Release|ARM
		{13A45C13-3265-47B8-BC48-A553B569DF55}.Release|ARM.Deploy.0 = Release|ARM
		{13A45C13-3265-47B8-BC48-A553B569DF55}.Release|x64.ActiveCfg = Release|x64
		{13A45C13-3265-47B8-BC48-A553B569DF55}.Release|x64.Build.0 = Release|x64
		{13A45C13-3265-47B8-BC48-A553B569DF55}.Release|x64.Deploy.0 = Release|x64
		{13A45C13-3265-47B8-BC48-A553B569DF55}.Release|x86.ActiveCfg = Release|x86
		{13A45C13-3265-47B8-BC48-A553B569DF55}.Release|x86.Build.0 = Release|x86
		{13A45C13-3265-47B8-BC48-A553B569DF55}.Release|x86.Deploy.0 = Release|x86
		{09B917AC-BE4D-431A-8A72-8D70650AAEB3}.Debug|ARM.ActiveCfg = Debug|ARM
		{09B917AC-BE4D-431A-8A72-8D70650AAEB3}.Debug|ARM.Build.0 = Debug|ARM
		{09B917AC-BE4D-431A-8A72-8D70650AAEB3}.Debug|x64.ActiveCfg = Debug|x64
		{09B917AC-BE4D-431A-8A72-8D70650AAEB3}.Debug|x64.Build.0 = Debug|x64
		{09B917AC-BE4D-431A-8A72-8D70650AAEB3}.Debug|x86.ActiveCfg = Debug|x86
		{09B917AC-BE4D-431A-8A72-8D70650AAEB3}.Debug|x86.Build.0 = Debug|x86
		{09B917AC-BE4D-431A-8A72-8D70650AAEB3}.Master|ARM.ActiveCfg = Master|ARM
		{09B917AC-BE4D-431A-8A72-8D70650AAEB3}.Master|ARM.Build.0 = Master|ARM
		{09B917AC-BE4D-431A-8A72-8D70650AAEB3}.Master|x64.ActiveCfg = Master|x64
		{09B917AC-BE4D-431A-8A72-8D70650AAEB3}.Master|x64.Build.0 = Master|x64
		{09B917AC-BE4D-431A-8A72-8D70650AAEB3}.Master|x86.ActiveCfg = Master|x86
		{09B917AC-BE4D-431A-8A72-8D70650AAEB3}.Master|x86.Build.0 = Master|x86
		{09B917AC-BE4D-431A-8A72-8D70650AAEB3}.Release|ARM.ActiveCfg = Release|ARM
		{09B917AC-BE4D-431A-8A72-8D70650AAEB3}.Release|ARM.Build.0 = Release|ARM
		{09B917AC-BE4D-431A-8A72-8D70650AAEB3}.Release|x64.ActiveCfg = Release|x64
		{09B917AC-BE4D-431A-8A72-8D70650AAEB3}.Release|x64.Build.0 = Release|x64
		{09B917AC-BE4D-431A-8A72-8D70650AAEB3}.Release|x86.ActiveCfg = Release|x86
		{09B917AC-BE4D-431A-8A72-8D70650AAEB3}.Release|x86.Build.0 = Release|x86
		{2C97D544-A467-4D97-9385-C3E6E4D2460F}.Debug|ARM.ActiveCfg = Debug|ARM
		{2C97D544-A467-4D97-9385-C3E6E4D2460F}.Debug|ARM.Build.0 = Debug|ARM
		{2C97D544-A467-4D97-9385-C3E6E4D2460F}.Debug|x64.ActiveCfg = Debug|x64
		{2C97D544-A467-4D97-9385-C3E6E4D2460F}.Debug|x64.Build.0 = Debug|x64
		{2C97D544-A467-4D97-9385-C3E6E4D2460F}.Debug|x86.ActiveCfg = Debug|x86
		{2C97D544-A467-4D97-9385-C3E6E4D2460F}.Debug|x86.Build.0 = Debug|x86
		{2C97D544-A467-4D97-9385-C3E6E4D2460F}.Master|ARM.ActiveCfg = Master|ARM
		{2C97D544-A467-4D97-9385-C3E6E4D2460F}.Master|ARM.Build.0 = Master|ARM
		{2C97D544-A467-4D97-9385-C3E6E4D2460F}.Master|x64.ActiveCfg = Master|x64
		{2C97D544-A467-4D97-9385-C3E6E4D2460F}.Master|x64.Build.0 = Master|x64
		{2C97D544-A467-4D97-9385-C3E6E4D2460F}.Master|x86.ActiveCfg = Master|x86
		{2C97D544-A467-4D97-9385-C3E6E4D2460F}.Master|x86.Build.0 = Master|x86
		{2C97D544-A467-4D97-9385-C3E6E4D2460F}.Release|ARM.ActiveCfg = Release|ARM
		{2C97D544-A467-4D97-9385-C3E6E4D2460F}.Release|ARM.Build.0 = Release|ARM
		{2C97D544-A467-4D97-9385-C3E6E4D2460F}.Release|x64.ActiveCfg = Release|x64
		{2C97D544-A467-4D97-9385-C3E6E4D2460F}.Release|x64.Build.0 = Release|x64
		{2C97D544-A467-4D97-9385-C3E6E4D2460F}.Release|x86.ActiveCfg = Release|x86
		{2C97D544-A467-4D97-9385-C3E6E4D2460F}.Release|x86.Build.0 = Release|x86
	EndGlobalSection
	GlobalSection(SolutionProperties) = preSolution
		HideSolutionNode = FALSE
	EndGlobalSection
EndGlobal
